// !$*UTF8*$!
{
	archiveVersion = 1;
	classes = {
	};
	objectVersion = 50;
	objects = {

/* Begin PBXBuildFile section */
		44FE3A130390F36F04AB6D47 /* Pods_WeatherGift.framework in Frameworks */ = {isa = PBXBuildFile; fileRef = 180965C4E8164A116796BEFB /* Pods_WeatherGift.framework */; };
		C44DD47D2236B05200CD5C11 /* AppDelegate.swift in Sources */ = {isa = PBXBuildFile; fileRef = C44DD47C2236B05200CD5C11 /* AppDelegate.swift */; };
		C44DD4822236B05200CD5C11 /* Main.storyboard in Resources */ = {isa = PBXBuildFile; fileRef = C44DD4802236B05200CD5C11 /* Main.storyboard */; };
		C44DD4842236B05300CD5C11 /* Assets.xcassets in Resources */ = {isa = PBXBuildFile; fileRef = C44DD4832236B05300CD5C11 /* Assets.xcassets */; };
		C44DD4872236B05300CD5C11 /* LaunchScreen.storyboard in Resources */ = {isa = PBXBuildFile; fileRef = C44DD4852236B05300CD5C11 /* LaunchScreen.storyboard */; };
		C44DD48F2236B09E00CD5C11 /* DetailVC.swift in Sources */ = {isa = PBXBuildFile; fileRef = C44DD48E2236B09E00CD5C11 /* DetailVC.swift */; };
		C44DD4912236B5D900CD5C11 /* ListVC.swift in Sources */ = {isa = PBXBuildFile; fileRef = C44DD4902236B5D900CD5C11 /* ListVC.swift */; };
		C44DD4932236B8D300CD5C11 /* PageVC.swift in Sources */ = {isa = PBXBuildFile; fileRef = C44DD4922236B8D300CD5C11 /* PageVC.swift */; };
		C4C5760C223FF4DD004917D5 /* WeatherLocation.swift in Sources */ = {isa = PBXBuildFile; fileRef = C4C5760B223FF4DD004917D5 /* WeatherLocation.swift */; };
/* End PBXBuildFile section */

/* Begin PBXFileReference section */
		07A115441FD74DBC8DE9B942 /* Pods-WeatherGift.release.xcconfig */ = {isa = PBXFileReference; includeInIndex = 1; lastKnownFileType = text.xcconfig; name = "Pods-WeatherGift.release.xcconfig"; path = "Target Support Files/Pods-WeatherGift/Pods-WeatherGift.release.xcconfig"; sourceTree = "<group>"; };
		180965C4E8164A116796BEFB /* Pods_WeatherGift.framework */ = {isa = PBXFileReference; explicitFileType = wrapper.framework; includeInIndex = 0; path = Pods_WeatherGift.framework; sourceTree = BUILT_PRODUCTS_DIR; };
		43A59950453D8B713D597E88 /* Pods-WeatherGift.debug.xcconfig */ = {isa = PBXFileReference; includeInIndex = 1; lastKnownFileType = text.xcconfig; name = "Pods-WeatherGift.debug.xcconfig"; path = "Target Support Files/Pods-WeatherGift/Pods-WeatherGift.debug.xcconfig"; sourceTree = "<group>"; };
		C44DD4792236B05200CD5C11 /* WeatherGift.app */ = {isa = PBXFileReference; explicitFileType = wrapper.application; includeInIndex = 0; path = WeatherGift.app; sourceTree = BUILT_PRODUCTS_DIR; };
		C44DD47C2236B05200CD5C11 /* AppDelegate.swift */ = {isa = PBXFileReference; lastKnownFileType = sourcecode.swift; path = AppDelegate.swift; sourceTree = "<group>"; };
		C44DD4812236B05200CD5C11 /* Base */ = {isa = PBXFileReference; lastKnownFileType = file.storyboard; name = Base; path = Base.lproj/Main.storyboard; sourceTree = "<group>"; };
		C44DD4832236B05300CD5C11 /* Assets.xcassets */ = {isa = PBXFileReference; lastKnownFileType = folder.assetcatalog; path = Assets.xcassets; sourceTree = "<group>"; };
		C44DD4862236B05300CD5C11 /* Base */ = {isa = PBXFileReference; lastKnownFileType = file.storyboard; name = Base; path = Base.lproj/LaunchScreen.storyboard; sourceTree = "<group>"; };
		C44DD4882236B05300CD5C11 /* Info.plist */ = {isa = PBXFileReference; lastKnownFileType = text.plist.xml; path = Info.plist; sourceTree = "<group>"; };
		C44DD48E2236B09E00CD5C11 /* DetailVC.swift */ = {isa = PBXFileReference; lastKnownFileType = sourcecode.swift; path = DetailVC.swift; sourceTree = "<group>"; };
		C44DD4902236B5D900CD5C11 /* ListVC.swift */ = {isa = PBXFileReference; lastKnownFileType = sourcecode.swift; path = ListVC.swift; sourceTree = "<group>"; };
		C44DD4922236B8D300CD5C11 /* PageVC.swift */ = {isa = PBXFileReference; lastKnownFileType = sourcecode.swift; path = PageVC.swift; sourceTree = "<group>"; };
		C4C5760B223FF4DD004917D5 /* WeatherLocation.swift */ = {isa = PBXFileReference; lastKnownFileType = sourcecode.swift; path = WeatherLocation.swift; sourceTree = "<group>"; };
/* End PBXFileReference section */

/* Begin PBXFrameworksBuildPhase section */
		C44DD4762236B05100CD5C11 /* Frameworks */ = {
			isa = PBXFrameworksBuildPhase;
			buildActionMask = 2147483647;
			files = (
				44FE3A130390F36F04AB6D47 /* Pods_WeatherGift.framework in Frameworks */,
			);
			runOnlyForDeploymentPostprocessing = 0;
		};
/* End PBXFrameworksBuildPhase section */

/* Begin PBXGroup section */
		A0777757DA188C1FA74C26B7 /* Frameworks */ = {
			isa = PBXGroup;
			children = (
				180965C4E8164A116796BEFB /* Pods_WeatherGift.framework */,
			);
			name = Frameworks;
			sourceTree = "<group>";
		};
		C44DD4702236B05100CD5C11 = {
			isa = PBXGroup;
			children = (
				C44DD47B2236B05200CD5C11 /* WeatherGift */,
				C44DD47A2236B05200CD5C11 /* Products */,
				EDDA6A797323559F88905940 /* Pods */,
				A0777757DA188C1FA74C26B7 /* Frameworks */,
			);
			sourceTree = "<group>";
		};
		C44DD47A2236B05200CD5C11 /* Products */ = {
			isa = PBXGroup;
			children = (
				C44DD4792236B05200CD5C11 /* WeatherGift.app */,
			);
			name = Products;
			sourceTree = "<group>";
		};
		C44DD47B2236B05200CD5C11 /* WeatherGift */ = {
			isa = PBXGroup;
			children = (
				C44DD47C2236B05200CD5C11 /* AppDelegate.swift */,
				C4C5760B223FF4DD004917D5 /* WeatherLocation.swift */,
				C44DD4922236B8D300CD5C11 /* PageVC.swift */,
				C44DD48E2236B09E00CD5C11 /* DetailVC.swift */,
				C44DD4902236B5D900CD5C11 /* ListVC.swift */,
				C44DD4802236B05200CD5C11 /* Main.storyboard */,
				C44DD4832236B05300CD5C11 /* Assets.xcassets */,
				C44DD4852236B05300CD5C11 /* LaunchScreen.storyboard */,
				C44DD4882236B05300CD5C11 /* Info.plist */,
			);
			path = WeatherGift;
			sourceTree = "<group>";
		};
		EDDA6A797323559F88905940 /* Pods */ = {
			isa = PBXGroup;
			children = (
				43A59950453D8B713D597E88 /* Pods-WeatherGift.debug.xcconfig */,
				07A115441FD74DBC8DE9B942 /* Pods-WeatherGift.release.xcconfig */,
			);
			path = Pods;
			sourceTree = "<group>";
		};
/* End PBXGroup section */

/* Begin PBXNativeTarget section */
		C44DD4782236B05100CD5C11 /* WeatherGift */ = {
			isa = PBXNativeTarget;
			buildConfigurationList = C44DD48B2236B05300CD5C11 /* Build configuration list for PBXNativeTarget "WeatherGift" */;
			buildPhases = (
				FB94F957541DEA04297A7DB8 /* [CP] Check Pods Manifest.lock */,
				C44DD4752236B05100CD5C11 /* Sources */,
				C44DD4762236B05100CD5C11 /* Frameworks */,
				C44DD4772236B05100CD5C11 /* Resources */,
				A21D4D499ACB941080BFDC5A /* [CP] Embed Pods Frameworks */,
				212A716B49A8CDF836E03C34 /* [CP] Copy Pods Resources */,
			);
			buildRules = (
			);
			dependencies = (
			);
			name = WeatherGift;
			productName = WeatherGift;
			productReference = C44DD4792236B05200CD5C11 /* WeatherGift.app */;
			productType = "com.apple.product-type.application";
		};
/* End PBXNativeTarget section */

/* Begin PBXProject section */
		C44DD4712236B05100CD5C11 /* Project object */ = {
			isa = PBXProject;
			attributes = {
				LastSwiftUpdateCheck = 1010;
				LastUpgradeCheck = 1010;
				ORGANIZATIONNAME = "Drew Cappel";
				TargetAttributes = {
					C44DD4782236B05100CD5C11 = {
						CreatedOnToolsVersion = 10.1;
					};
				};
			};
			buildConfigurationList = C44DD4742236B05100CD5C11 /* Build configuration list for PBXProject "WeatherGift" */;
			compatibilityVersion = "Xcode 9.3";
			developmentRegion = en;
			hasScannedForEncodings = 0;
			knownRegions = (
				en,
				Base,
			);
			mainGroup = C44DD4702236B05100CD5C11;
			productRefGroup = C44DD47A2236B05200CD5C11 /* Products */;
			projectDirPath = "";
			projectRoot = "";
			targets = (
				C44DD4782236B05100CD5C11 /* WeatherGift */,
			);
		};
/* End PBXProject section */

/* Begin PBXResourcesBuildPhase section */
		C44DD4772236B05100CD5C11 /* Resources */ = {
			isa = PBXResourcesBuildPhase;
			buildActionMask = 2147483647;
			files = (
				C44DD4872236B05300CD5C11 /* LaunchScreen.storyboard in Resources */,
				C44DD4842236B05300CD5C11 /* Assets.xcassets in Resources */,
				C44DD4822236B05200CD5C11 /* Main.storyboard in Resources */,
			);
			runOnlyForDeploymentPostprocessing = 0;
		};
/* End PBXResourcesBuildPhase section */

/* Begin PBXShellScriptBuildPhase section */
		212A716B49A8CDF836E03C34 /* [CP] Copy Pods Resources */ = {
			isa = PBXShellScriptBuildPhase;
			buildActionMask = 2147483647;
			files = (
			);
			inputFileListPaths = (
			);
			inputPaths = (
				"${PODS_ROOT}/Target Support Files/Pods-WeatherGift/Pods-WeatherGift-resources.sh",
				"${PODS_ROOT}/GooglePlaces/Frameworks/GooglePlaces.framework/Resources/GooglePlaces.bundle",
			);
			name = "[CP] Copy Pods Resources";
			outputFileListPaths = (
			);
			outputPaths = (
				"${TARGET_BUILD_DIR}/${UNLOCALIZED_RESOURCES_FOLDER_PATH}/GooglePlaces.bundle",
			);
			runOnlyForDeploymentPostprocessing = 0;
			shellPath = /bin/sh;
			shellScript = "\"${PODS_ROOT}/Target Support Files/Pods-WeatherGift/Pods-WeatherGift-resources.sh\"\n";
			showEnvVarsInLog = 0;
		};
		A21D4D499ACB941080BFDC5A /* [CP] Embed Pods Frameworks */ = {
			isa = PBXShellScriptBuildPhase;
			buildActionMask = 2147483647;
			files = (
			);
			inputFileListPaths = (
			);
			inputPaths = (
				"${PODS_ROOT}/Target Support Files/Pods-WeatherGift/Pods-WeatherGift-frameworks.sh",
				"${BUILT_PRODUCTS_DIR}/Alamofire/Alamofire.framework",
				"${BUILT_PRODUCTS_DIR}/SwiftyJSON/SwiftyJSON.framework",
			);
			name = "[CP] Embed Pods Frameworks";
			outputFileListPaths = (
			);
			outputPaths = (
				"${TARGET_BUILD_DIR}/${FRAMEWORKS_FOLDER_PATH}/Alamofire.framework",
				"${TARGET_BUILD_DIR}/${FRAMEWORKS_FOLDER_PATH}/SwiftyJSON.framework",
			);
			runOnlyForDeploymentPostprocessing = 0;
			shellPath = /bin/sh;
			shellScript = "\"${PODS_ROOT}/Target Support Files/Pods-WeatherGift/Pods-WeatherGift-frameworks.sh\"\n";
			showEnvVarsInLog = 0;
		};
		FB94F957541DEA04297A7DB8 /* [CP] Check Pods Manifest.lock */ = {
			isa = PBXShellScriptBuildPhase;
			buildActionMask = 2147483647;
			files = (
			);
			inputFileListPaths = (
			);
			inputPaths = (
				"${PODS_PODFILE_DIR_PATH}/Podfile.lock",
				"${PODS_ROOT}/Manifest.lock",
			);
			name = "[CP] Check Pods Manifest.lock";
			outputFileListPaths = (
			);
			outputPaths = (
				"$(DERIVED_FILE_DIR)/Pods-WeatherGift-checkManifestLockResult.txt",
			);
			runOnlyForDeploymentPostprocessing = 0;
			shellPath = /bin/sh;
			shellScript = "diff \"${PODS_PODFILE_DIR_PATH}/Podfile.lock\" \"${PODS_ROOT}/Manifest.lock\" > /dev/null\nif [ $? != 0 ] ; then\n    # print error to STDERR\n    echo \"error: The sandbox is not in sync with the Podfile.lock. Run 'pod install' or update your CocoaPods installation.\" >&2\n    exit 1\nfi\n# This output is used by Xcode 'outputs' to avoid re-running this script phase.\necho \"SUCCESS\" > \"${SCRIPT_OUTPUT_FILE_0}\"\n";
			showEnvVarsInLog = 0;
		};
/* End PBXShellScriptBuildPhase section */

/* Begin PBXSourcesBuildPhase section */
		C44DD4752236B05100CD5C11 /* Sources */ = {
			isa = PBXSourcesBuildPhase;
			buildActionMask = 2147483647;
			files = (
				C4C5760C223FF4DD004917D5 /* WeatherLocation.swift in Sources */,
				C44DD4912236B5D900CD5C11 /* ListVC.swift in Sources */,
				C44DD4932236B8D300CD5C11 /* PageVC.swift in Sources */,
				C44DD47D2236B05200CD5C11 /* AppDelegate.swift in Sources */,
				C44DD48F2236B09E00CD5C11 /* DetailVC.swift in Sources */,
			);
			runOnlyForDeploymentPostprocessing = 0;
		};
/* End PBXSourcesBuildPhase section */

/* Begin PBXVariantGroup section */
		C44DD4802236B05200CD5C11 /* Main.storyboard */ = {
			isa = PBXVariantGroup;
			children = (
				C44DD4812236B05200CD5C11 /* Base */,
			);
			name = Main.storyboard;
			sourceTree = "<group>";
		};
		C44DD4852236B05300CD5C11 /* LaunchScreen.storyboard */ = {
			isa = PBXVariantGroup;
			children = (
				C44DD4862236B05300CD5C11 /* Base */,
			);
			name = LaunchScreen.storyboard;
			sourceTree = "<group>";
		};
/* End PBXVariantGroup section */

/* Begin XCBuildConfiguration section */
		C44DD4892236B05300CD5C11 /* Debug */ = {
			isa = XCBuildConfiguration;
			buildSettings = {
				ALWAYS_SEARCH_USER_PATHS = NO;
				CLANG_ANALYZER_NONNULL = YES;
				CLANG_ANALYZER_NUMBER_OBJECT_CONVERSION = YES_AGGRESSIVE;
				CLANG_CXX_LANGUAGE_STANDARD = "gnu++14";
				CLANG_CXX_LIBRARY = "libc++";
				CLANG_ENABLE_MODULES = YES;
				CLANG_ENABLE_OBJC_ARC = YES;
				CLANG_ENABLE_OBJC_WEAK = YES;
				CLANG_WARN_BLOCK_CAPTURE_AUTORELEASING = YES;
				CLANG_WARN_BOOL_CONVERSION = YES;
				CLANG_WARN_COMMA = YES;
				CLANG_WARN_CONSTANT_CONVERSION = YES;
				CLANG_WARN_DEPRECATED_OBJC_IMPLEMENTATIONS = YES;
				CLANG_WARN_DIRECT_OBJC_ISA_USAGE = YES_ERROR;
				CLANG_WARN_DOCUMENTATION_COMMENTS = YES;
				CLANG_WARN_EMPTY_BODY = YES;
				CLANG_WARN_ENUM_CONVERSION = YES;
				CLANG_WARN_INFINITE_RECURSION = YES;
				CLANG_WARN_INT_CONVERSION = YES;
				CLANG_WARN_NON_LITERAL_NULL_CONVERSION = YES;
				CLANG_WARN_OBJC_IMPLICIT_RETAIN_SELF = YES;
				CLANG_WARN_OBJC_LITERAL_CONVERSION = YES;
				CLANG_WARN_OBJC_ROOT_CLASS = YES_ERROR;
				CLANG_WARN_RANGE_LOOP_ANALYSIS = YES;
				CLANG_WARN_STRICT_PROTOTYPES = YES;
				CLANG_WARN_SUSPICIOUS_MOVE = YES;
				CLANG_WARN_UNGUARDED_AVAILABILITY = YES_AGGRESSIVE;
				CLANG_WARN_UNREACHABLE_CODE = YES;
				CLANG_WARN__DUPLICATE_METHOD_MATCH = YES;
				CODE_SIGN_IDENTITY = "iPhone Developer";
				COPY_PHASE_STRIP = NO;
				DEBUG_INFORMATION_FORMAT = dwarf;
				ENABLE_STRICT_OBJC_MSGSEND = YES;
				ENABLE_TESTABILITY = YES;
				GCC_C_LANGUAGE_STANDARD = gnu11;
				GCC_DYNAMIC_NO_PIC = NO;
				GCC_NO_COMMON_BLOCKS = YES;
				GCC_OPTIMIZATION_LEVEL = 0;
				GCC_PREPROCESSOR_DEFINITIONS = (
					"DEBUG=1",
					"$(inherited)",
				);
				GCC_WARN_64_TO_32_BIT_CONVERSION = YES;
				GCC_WARN_ABOUT_RETURN_TYPE = YES_ERROR;
				GCC_WARN_UNDECLARED_SELECTOR = YES;
				GCC_WARN_UNINITIALIZED_AUTOS = YES_AGGRESSIVE;
				GCC_WARN_UNUSED_FUNCTION = YES;
				GCC_WARN_UNUSED_VARIABLE = YES;
				IPHONEOS_DEPLOYMENT_TARGET = 12.1;
				MTL_ENABLE_DEBUG_INFO = INCLUDE_SOURCE;
				MTL_FAST_MATH = YES;
				ONLY_ACTIVE_ARCH = YES;
				SDKROOT = iphoneos;
				SWIFT_ACTIVE_COMPILATION_CONDITIONS = DEBUG;
				SWIFT_OPTIMIZATION_LEVEL = "-Onone";
			};
			name = Debug;
		};
		C44DD48A2236B05300CD5C11 /* Release */ = {
			isa = XCBuildConfiguration;
			buildSettings = {
				ALWAYS_SEARCH_USER_PATHS = NO;
				CLANG_ANALYZER_NONNULL = YES;
				CLANG_ANALYZER_NUMBER_OBJECT_CONVERSION = YES_AGGRESSIVE;
				CLANG_CXX_LANGUAGE_STANDARD = "gnu++14";
				CLANG_CXX_LIBRARY = "libc++";
				CLANG_ENABLE_MODULES = YES;
				CLANG_ENABLE_OBJC_ARC = YES;
				CLANG_ENABLE_OBJC_WEAK = YES;
				CLANG_WARN_BLOCK_CAPTURE_AUTORELEASING = YES;
				CLANG_WARN_BOOL_CONVERSION = YES;
				CLANG_WARN_COMMA = YES;
				CLANG_WARN_CONSTANT_CONVERSION = YES;
				CLANG_WARN_DEPRECATED_OBJC_IMPLEMENTATIONS = YES;
				CLANG_WARN_DIRECT_OBJC_ISA_USAGE = YES_ERROR;
				CLANG_WARN_DOCUMENTATION_COMMENTS = YES;
				CLANG_WARN_EMPTY_BODY = YES;
				CLANG_WARN_ENUM_CONVERSION = YES;
				CLANG_WARN_INFINITE_RECURSION = YES;
				CLANG_WARN_INT_CONVERSION = YES;
				CLANG_WARN_NON_LITERAL_NULL_CONVERSION = YES;
				CLANG_WARN_OBJC_IMPLICIT_RETAIN_SELF = YES;
				CLANG_WARN_OBJC_LITERAL_CONVERSION = YES;
				CLANG_WARN_OBJC_ROOT_CLASS = YES_ERROR;
				CLANG_WARN_RANGE_LOOP_ANALYSIS = YES;
				CLANG_WARN_STRICT_PROTOTYPES = YES;
				CLANG_WARN_SUSPICIOUS_MOVE = YES;
				CLANG_WARN_UNGUARDED_AVAILABILITY = YES_AGGRESSIVE;
				CLANG_WARN_UNREACHABLE_CODE = YES;
				CLANG_WARN__DUPLICATE_METHOD_MATCH = YES;
				CODE_SIGN_IDENTITY = "iPhone Developer";
				COPY_PHASE_STRIP = NO;
				DEBUG_INFORMATION_FORMAT = "dwarf-with-dsym";
				ENABLE_NS_ASSERTIONS = NO;
				ENABLE_STRICT_OBJC_MSGSEND = YES;
				GCC_C_LANGUAGE_STANDARD = gnu11;
				GCC_NO_COMMON_BLOCKS = YES;
				GCC_WARN_64_TO_32_BIT_CONVERSION = YES;
				GCC_WARN_ABOUT_RETURN_TYPE = YES_ERROR;
				GCC_WARN_UNDECLARED_SELECTOR = YES;
				GCC_WARN_UNINITIALIZED_AUTOS = YES_AGGRESSIVE;
				GCC_WARN_UNUSED_FUNCTION = YES;
				GCC_WARN_UNUSED_VARIABLE = YES;
				IPHONEOS_DEPLOYMENT_TARGET = 12.1;
				MTL_ENABLE_DEBUG_INFO = NO;
				MTL_FAST_MATH = YES;
				SDKROOT = iphoneos;
				SWIFT_COMPILATION_MODE = wholemodule;
				SWIFT_OPTIMIZATION_LEVEL = "-O";
				VALIDATE_PRODUCT = YES;
			};
			name = Release;
		};
		C44DD48C2236B05300CD5C11 /* Debug */ = {
			isa = XCBuildConfiguration;
			baseConfigurationReference = 43A59950453D8B713D597E88 /* Pods-WeatherGift.debug.xcconfig */;
			buildSettings = {
				ASSETCATALOG_COMPILER_APPICON_NAME = AppIcon;
				CODE_SIGN_STYLE = Automatic;
				DEVELOPMENT_TEAM = WF9RV36696;
				INFOPLIST_FILE = WeatherGift/Info.plist;
				LD_RUNPATH_SEARCH_PATHS = (
					"$(inherited)",
					"@executable_path/Frameworks",
				);
				PRODUCT_BUNDLE_IDENTIFIER = DrewCappel.WeatherGift;
				PRODUCT_NAME = "$(TARGET_NAME)";
				SWIFT_VERSION = 4.2;
				TARGETED_DEVICE_FAMILY = "1,2";
			};
			name = Debug;
		};
		C44DD48D2236B05300CD5C11 /* Release */ = {
			isa = XCBuildConfiguration;
			baseConfigurationReference = 07A115441FD74DBC8DE9B942 /* Pods-WeatherGift.release.xcconfig */;
			buildSettings = {
				ASSETCATALOG_COMPILER_APPICON_NAME = AppIcon;
				CODE_SIGN_STYLE = Automatic;
				DEVELOPMENT_TEAM = WF9RV36696;
				INFOPLIST_FILE = WeatherGift/Info.plist;
				LD_RUNPATH_SEARCH_PATHS = (
					"$(inherited)",
					"@executable_path/Frameworks",
				);
				PRODUCT_BUNDLE_IDENTIFIER = DrewCappel.WeatherGift;
				PRODUCT_NAME = "$(TARGET_NAME)";
				SWIFT_VERSION = 4.2;
				TARGETED_DEVICE_FAMILY = "1,2";
			};
			name = Release;
		};
/* End XCBuildConfiguration section */

/* Begin XCConfigurationList section */
		C44DD4742236B05100CD5C11 /* Build configuration list for PBXProject "WeatherGift" */ = {
			isa = XCConfigurationList;
			buildConfigurations = (
				C44DD4892236B05300CD5C11 /* Debug */,
				C44DD48A2236B05300CD5C11 /* Release */,
			);
			defaultConfigurationIsVisible = 0;
			defaultConfigurationName = Release;
		};
		C44DD48B2236B05300CD5C11 /* Build configuration list for PBXNativeTarget "WeatherGift" */ = {
			isa = XCConfigurationList;
			buildConfigurations = (
				C44DD48C2236B05300CD5C11 /* Debug */,
				C44DD48D2236B05300CD5C11 /* Release */,
			);
			defaultConfigurationIsVisible = 0;
			defaultConfigurationName = Release;
		};
/* End XCConfigurationList section */
	};
	rootObject = C44DD4712236B05100CD5C11 /* Project object */;
}
